{
  "name": "简易的二维码生成组件",
  "version": "1.0.3",
  "lockfileVersion": 1,
  "requires": true,
  "dependencies": {
    "gmy-img-cropper": {
      "version": "1.3.0",
      "resolved": "https://registry.npmmirror.com/gmy-img-cropper/-/gmy-img-cropper-1.3.0.tgz",
      "integrity": "sha512-8vYx4n/xmUVIqrdu+PjsnTMnjtfbhBjgMub/swuQEFpC4j+mDtSUOUTQcAdUOODPy4b0ZO2zvp0wauvEshKOeA=="
    },
    "moment": {
      "version": "2.29.2",
      "resolved": "https://registry.npmmirror.com/moment/-/moment-2.29.2.tgz",
      "integrity": "sha512-UgzG4rvxYpN15jgCmVJwac49h9ly9NurikMWGPdVxm8GZD6XjkKPxDTjQQ43gtGgnV3X0cAyWDdP2Wexoquifg=="
    }
  }
}
